// !$*UTF8*$!
{
	archiveVersion = 1;
	classes = {
	};
	objectVersion = 50;
	objects = {

/* Begin PBXBuildFile section */
		558A5827254E8EEB00970172 /* CharacterDetail.swift in Sources */ = {isa = PBXBuildFile; fileRef = 558A5826254E8EEB00970172 /* CharacterDetail.swift */; };
		558A582C254E8F5B00970172 /* CharacterPlace.swift in Sources */ = {isa = PBXBuildFile; fileRef = 558A582B254E8F5B00970172 /* CharacterPlace.swift */; };
		558A5831254E959D00970172 /* test123.swift in Sources */ = {isa = PBXBuildFile; fileRef = 558A5830254E959D00970172 /* test123.swift */; };
		558A5836254E97B600970172 /* Place.swift in Sources */ = {isa = PBXBuildFile; fileRef = 558A5835254E97B600970172 /* Place.swift */; };
		558A583B254E9A6100970172 /* map.swift in Sources */ = {isa = PBXBuildFile; fileRef = 558A583A254E9A6100970172 /* map.swift */; };
		558A5848254ECF8E00970172 /* AppView.swift in Sources */ = {isa = PBXBuildFile; fileRef = 558A5847254ECF8E00970172 /* AppView.swift */; };
		57783D9125455900008C5D78 /* _0857202_3App.swift in Sources */ = {isa = PBXBuildFile; fileRef = 57783D9025455900008C5D78 /* _0857202_3App.swift */; };
		57783D9525455903008C5D78 /* Assets.xcassets in Resources */ = {isa = PBXBuildFile; fileRef = 57783D9425455903008C5D78 /* Assets.xcassets */; };
		57783D9825455903008C5D78 /* Preview Assets.xcassets in Resources */ = {isa = PBXBuildFile; fileRef = 57783D9725455903008C5D78 /* Preview Assets.xcassets */; };
		57783DA325455903008C5D78 /* _0857202_3Tests.swift in Sources */ = {isa = PBXBuildFile; fileRef = 57783DA225455903008C5D78 /* _0857202_3Tests.swift */; };
		57783DAE25455903008C5D78 /* _0857202_3UITests.swift in Sources */ = {isa = PBXBuildFile; fileRef = 57783DAD25455903008C5D78 /* _0857202_3UITests.swift */; };
		57783DBF25455A2D008C5D78 /* Marvel.swift in Sources */ = {isa = PBXBuildFile; fileRef = 57783DBE25455A2D008C5D78 /* Marvel.swift */; };
		57783DC425456EB9008C5D78 /* pic.swift in Sources */ = {isa = PBXBuildFile; fileRef = 57783DC325456EB9008C5D78 /* pic.swift */; };
		57783DC9254572B9008C5D78 /* Movie.swift in Sources */ = {isa = PBXBuildFile; fileRef = 57783DC8254572B9008C5D78 /* Movie.swift */; };
		57783DCE25458177008C5D78 /* Iron.swift in Sources */ = {isa = PBXBuildFile; fileRef = 57783DCD25458177008C5D78 /* Iron.swift */; };
		57783DD325458182008C5D78 /* Captain.swift in Sources */ = {isa = PBXBuildFile; fileRef = 57783DD225458182008C5D78 /* Captain.swift */; };
		57783DD82545818D008C5D78 /* Thor.swift in Sources */ = {isa = PBXBuildFile; fileRef = 57783DD72545818D008C5D78 /* Thor.swift */; };
		57783DDD25459A3A008C5D78 /* test.swift in Sources */ = {isa = PBXBuildFile; fileRef = 57783DDC25459A3A008C5D78 /* test.swift */; };
		57783DE72545A3C5008C5D78 /* random.swift in Sources */ = {isa = PBXBuildFile; fileRef = 57783DE62545A3C5008C5D78 /* random.swift */; };
		57783DF82545AB96008C5D78 /* struct.swift in Sources */ = {isa = PBXBuildFile; fileRef = 57783DF72545AB96008C5D78 /* struct.swift */; };
		57784E7325484861009AA3F3 /* atuo.swift in Sources */ = {isa = PBXBuildFile; fileRef = 57784E7225484861009AA3F3 /* atuo.swift */; };
		5793B17325484EC100075C00 /* ContentView.swift in Sources */ = {isa = PBXBuildFile; fileRef = 5793B17225484EC100075C00 /* ContentView.swift */; };
/* End PBXBuildFile section */

/* Begin PBXContainerItemProxy section */
		57783D9F25455903008C5D78 /* PBXContainerItemProxy */ = {
			isa = PBXContainerItemProxy;
			containerPortal = 57783D8525455900008C5D78 /* Project object */;
			proxyType = 1;
			remoteGlobalIDString = 57783D8C25455900008C5D78;
			remoteInfo = 00857202_3;
		};
		57783DAA25455903008C5D78 /* PBXContainerItemProxy */ = {
			isa = PBXContainerItemProxy;
			containerPortal = 57783D8525455900008C5D78 /* Project object */;
			proxyType = 1;
			remoteGlobalIDString = 57783D8C25455900008C5D78;
			remoteInfo = 00857202_3;
		};
/* End PBXContainerItemProxy section */

/* Begin PBXFileReference section */
		558A5826254E8EEB00970172 /* CharacterDetail.swift */ = {isa = PBXFileReference; lastKnownFileType = sourcecode.swift; path = CharacterDetail.swift; sourceTree = "<group>"; };
		558A582B254E8F5B00970172 /* CharacterPlace.swift */ = {isa = PBXFileReference; lastKnownFileType = sourcecode.swift; path = CharacterPlace.swift; sourceTree = "<group>"; };
		558A5830254E959D00970172 /* test123.swift */ = {isa = PBXFileReference; lastKnownFileType = sourcecode.swift; path = test123.swift; sourceTree = "<group>"; };
		558A5835254E97B600970172 /* Place.swift */ = {isa = PBXFileReference; lastKnownFileType = sourcecode.swift; path = Place.swift; sourceTree = "<group>"; };
		558A583A254E9A6100970172 /* map.swift */ = {isa = PBXFileReference; lastKnownFileType = sourcecode.swift; path = map.swift; sourceTree = "<group>"; };
		558A5847254ECF8E00970172 /* AppView.swift */ = {isa = PBXFileReference; lastKnownFileType = sourcecode.swift; path = AppView.swift; sourceTree = "<group>"; };
		57783D8D25455900008C5D78 /* 00857202_3.app */ = {isa = PBXFileReference; explicitFileType = wrapper.application; includeInIndex = 0; path = 00857202_3.app; sourceTree = BUILT_PRODUCTS_DIR; };
		57783D9025455900008C5D78 /* _0857202_3App.swift */ = {isa = PBXFileReference; lastKnownFileType = sourcecode.swift; path = _0857202_3App.swift; sourceTree = "<group>"; };
		57783D9425455903008C5D78 /* Assets.xcassets */ = {isa = PBXFileReference; lastKnownFileType = folder.assetcatalog; path = Assets.xcassets; sourceTree = "<group>"; };
		57783D9725455903008C5D78 /* Preview Assets.xcassets */ = {isa = PBXFileReference; lastKnownFileType = folder.assetcatalog; path = "Preview Assets.xcassets"; sourceTree = "<group>"; };
		57783D9925455903008C5D78 /* Info.plist */ = {isa = PBXFileReference; lastKnownFileType = text.plist.xml; path = Info.plist; sourceTree = "<group>"; };
		57783D9E25455903008C5D78 /* 00857202_3Tests.xctest */ = {isa = PBXFileReference; explicitFileType = wrapper.cfbundle; includeInIndex = 0; path = 00857202_3Tests.xctest; sourceTree = BUILT_PRODUCTS_DIR; };
		57783DA225455903008C5D78 /* _0857202_3Tests.swift */ = {isa = PBXFileReference; lastKnownFileType = sourcecode.swift; path = _0857202_3Tests.swift; sourceTree = "<group>"; };
		57783DA425455903008C5D78 /* Info.plist */ = {isa = PBXFileReference; lastKnownFileType = text.plist.xml; path = Info.plist; sourceTree = "<group>"; };
		57783DA925455903008C5D78 /* 00857202_3UITests.xctest */ = {isa = PBXFileReference; explicitFileType = wrapper.cfbundle; includeInIndex = 0; path = 00857202_3UITests.xctest; sourceTree = BUILT_PRODUCTS_DIR; };
		57783DAD25455903008C5D78 /* _0857202_3UITests.swift */ = {isa = PBXFileReference; lastKnownFileType = sourcecode.swift; path = _0857202_3UITests.swift; sourceTree = "<group>"; };
		57783DAF25455903008C5D78 /* Info.plist */ = {isa = PBXFileReference; lastKnownFileType = text.plist.xml; path = Info.plist; sourceTree = "<group>"; };
		57783DBE25455A2D008C5D78 /* Marvel.swift */ = {isa = PBXFileReference; lastKnownFileType = sourcecode.swift; path = Marvel.swift; sourceTree = "<group>"; };
		57783DC325456EB9008C5D78 /* pic.swift */ = {isa = PBXFileReference; lastKnownFileType = sourcecode.swift; path = pic.swift; sourceTree = "<group>"; };
		57783DC8254572B9008C5D78 /* Movie.swift */ = {isa = PBXFileReference; lastKnownFileType = sourcecode.swift; path = Movie.swift; sourceTree = "<group>"; };
		57783DCD25458177008C5D78 /* Iron.swift */ = {isa = PBXFileReference; lastKnownFileType = sourcecode.swift; path = Iron.swift; sourceTree = "<group>"; };
		57783DD225458182008C5D78 /* Captain.swift */ = {isa = PBXFileReference; lastKnownFileType = sourcecode.swift; path = Captain.swift; sourceTree = "<group>"; };
		57783DD72545818D008C5D78 /* Thor.swift */ = {isa = PBXFileReference; lastKnownFileType = sourcecode.swift; path = Thor.swift; sourceTree = "<group>"; };
		57783DDC25459A3A008C5D78 /* test.swift */ = {isa = PBXFileReference; lastKnownFileType = sourcecode.swift; path = test.swift; sourceTree = "<group>"; };
		57783DE62545A3C5008C5D78 /* random.swift */ = {isa = PBXFileReference; lastKnownFileType = sourcecode.swift; path = random.swift; sourceTree = "<group>"; };
		57783DEB2545A674008C5D78 /* Marvel-Regular.ttf */ = {isa = PBXFileReference; lastKnownFileType = file; path = "Marvel-Regular.ttf"; sourceTree = "<group>"; };
		57783DF72545AB96008C5D78 /* struct.swift */ = {isa = PBXFileReference; lastKnownFileType = sourcecode.swift; path = struct.swift; sourceTree = "<group>"; };
		57784E7225484861009AA3F3 /* atuo.swift */ = {isa = PBXFileReference; lastKnownFileType = sourcecode.swift; path = atuo.swift; sourceTree = "<group>"; };
		5793B17225484EC100075C00 /* ContentView.swift */ = {isa = PBXFileReference; lastKnownFileType = sourcecode.swift; path = ContentView.swift; sourceTree = "<group>"; };
/* End PBXFileReference section */

/* Begin PBXFrameworksBuildPhase section */
		57783D8A25455900008C5D78 /* Frameworks */ = {
			isa = PBXFrameworksBuildPhase;
			buildActionMask = 2147483647;
			files = (
			);
			runOnlyForDeploymentPostprocessing = 0;
		};
		57783D9B25455903008C5D78 /* Frameworks */ = {
			isa = PBXFrameworksBuildPhase;
			buildActionMask = 2147483647;
			files = (
			);
			runOnlyForDeploymentPostprocessing = 0;
		};
		57783DA625455903008C5D78 /* Frameworks */ = {
			isa = PBXFrameworksBuildPhase;
			buildActionMask = 2147483647;
			files = (
			);
			runOnlyForDeploymentPostprocessing = 0;
		};
/* End PBXFrameworksBuildPhase section */

/* Begin PBXGroup section */
		57783D8425455900008C5D78 = {
			isa = PBXGroup;
			children = (
				57783D8F25455900008C5D78 /* 00857202_3 */,
				57783DA125455903008C5D78 /* 00857202_3Tests */,
				57783DAC25455903008C5D78 /* 00857202_3UITests */,
				57783D8E25455900008C5D78 /* Products */,
			);
			sourceTree = "<group>";
		};
		57783D8E25455900008C5D78 /* Products */ = {
			isa = PBXGroup;
			children = (
				57783D8D25455900008C5D78 /* 00857202_3.app */,
				57783D9E25455903008C5D78 /* 00857202_3Tests.xctest */,
				57783DA925455903008C5D78 /* 00857202_3UITests.xctest */,
			);
			name = Products;
			sourceTree = "<group>";
		};
		57783D8F25455900008C5D78 /* 00857202_3 */ = {
			isa = PBXGroup;
			children = (
				57783DEB2545A674008C5D78 /* Marvel-Regular.ttf */,
				57783D9025455900008C5D78 /* _0857202_3App.swift */,
				57783DBE25455A2D008C5D78 /* Marvel.swift */,
				57783DC325456EB9008C5D78 /* pic.swift */,
				57783DDC25459A3A008C5D78 /* test.swift */,
				558A583A254E9A6100970172 /* map.swift */,
				558A5830254E959D00970172 /* test123.swift */,
				558A5847254ECF8E00970172 /* AppView.swift */,
				558A5826254E8EEB00970172 /* CharacterDetail.swift */,
				57783DC8254572B9008C5D78 /* Movie.swift */,
				57783DF72545AB96008C5D78 /* struct.swift */,
				558A582B254E8F5B00970172 /* CharacterPlace.swift */,
				558A5835254E97B600970172 /* Place.swift */,
				57783DCD25458177008C5D78 /* Iron.swift */,
				5793B17225484EC100075C00 /* ContentView.swift */,
				57783DD225458182008C5D78 /* Captain.swift */,
				57783D9425455903008C5D78 /* Assets.xcassets */,
				57784E7225484861009AA3F3 /* atuo.swift */,
				57783DD72545818D008C5D78 /* Thor.swift */,
				57783DE62545A3C5008C5D78 /* random.swift */,
				57783D9925455903008C5D78 /* Info.plist */,
				57783D9625455903008C5D78 /* Preview Content */,
			);
			path = 00857202_3;
			sourceTree = "<group>";
		};
		57783D9625455903008C5D78 /* Preview Content */ = {
			isa = PBXGroup;
			children = (
				57783D9725455903008C5D78 /* Preview Assets.xcassets */,
			);
			path = "Preview Content";
			sourceTree = "<group>";
		};
		57783DA125455903008C5D78 /* 00857202_3Tests */ = {
			isa = PBXGroup;
			children = (
				57783DA225455903008C5D78 /* _0857202_3Tests.swift */,
				57783DA425455903008C5D78 /* Info.plist */,
			);
			path = 00857202_3Tests;
			sourceTree = "<group>";
		};
		57783DAC25455903008C5D78 /* 00857202_3UITests */ = {
			isa = PBXGroup;
			children = (
				57783DAD25455903008C5D78 /* _0857202_3UITests.swift */,
				57783DAF25455903008C5D78 /* Info.plist */,
			);
			path = 00857202_3UITests;
			sourceTree = "<group>";
		};
/* End PBXGroup section */

/* Begin PBXNativeTarget section */
		57783D8C25455900008C5D78 /* 00857202_3 */ = {
			isa = PBXNativeTarget;
			buildConfigurationList = 57783DB225455903008C5D78 /* Build configuration list for PBXNativeTarget "00857202_3" */;
			buildPhases = (
				57783D8925455900008C5D78 /* Sources */,
				57783D8A25455900008C5D78 /* Frameworks */,
				57783D8B25455900008C5D78 /* Resources */,
			);
			buildRules = (
			);
			dependencies = (
			);
			name = 00857202_3;
			productName = 00857202_3;
			productReference = 57783D8D25455900008C5D78 /* 00857202_3.app */;
			productType = "com.apple.product-type.application";
		};
		57783D9D25455903008C5D78 /* 00857202_3Tests */ = {
			isa = PBXNativeTarget;
			buildConfigurationList = 57783DB525455903008C5D78 /* Build configuration list for PBXNativeTarget "00857202_3Tests" */;
			buildPhases = (
				57783D9A25455903008C5D78 /* Sources */,
				57783D9B25455903008C5D78 /* Frameworks */,
				57783D9C25455903008C5D78 /* Resources */,
			);
			buildRules = (
			);
			dependencies = (
				57783DA025455903008C5D78 /* PBXTargetDependency */,
			);
			name = 00857202_3Tests;
			productName = 00857202_3Tests;
			productReference = 57783D9E25455903008C5D78 /* 00857202_3Tests.xctest */;
			productType = "com.apple.product-type.bundle.unit-test";
		};
		57783DA825455903008C5D78 /* 00857202_3UITests */ = {
			isa = PBXNativeTarget;
			buildConfigurationList = 57783DB825455903008C5D78 /* Build configuration list for PBXNativeTarget "00857202_3UITests" */;
			buildPhases = (
				57783DA525455903008C5D78 /* Sources */,
				57783DA625455903008C5D78 /* Frameworks */,
				57783DA725455903008C5D78 /* Resources */,
			);
			buildRules = (
			);
			dependencies = (
				57783DAB25455903008C5D78 /* PBXTargetDependency */,
			);
			name = 00857202_3UITests;
			productName = 00857202_3UITests;
			productReference = 57783DA925455903008C5D78 /* 00857202_3UITests.xctest */;
			productType = "com.apple.product-type.bundle.ui-testing";
		};
/* End PBXNativeTarget section */

/* Begin PBXProject section */
		57783D8525455900008C5D78 /* Project object */ = {
			isa = PBXProject;
			attributes = {
				LastSwiftUpdateCheck = 1200;
				LastUpgradeCheck = 1200;
				TargetAttributes = {
					57783D8C25455900008C5D78 = {
						CreatedOnToolsVersion = 12.0.1;
					};
					57783D9D25455903008C5D78 = {
						CreatedOnToolsVersion = 12.0.1;
						TestTargetID = 57783D8C25455900008C5D78;
					};
					57783DA825455903008C5D78 = {
						CreatedOnToolsVersion = 12.0.1;
						TestTargetID = 57783D8C25455900008C5D78;
					};
				};
			};
			buildConfigurationList = 57783D8825455900008C5D78 /* Build configuration list for PBXProject "00857202_3" */;
			compatibilityVersion = "Xcode 9.3";
			developmentRegion = en;
			hasScannedForEncodings = 0;
			knownRegions = (
				en,
				Base,
			);
			mainGroup = 57783D8425455900008C5D78;
			productRefGroup = 57783D8E25455900008C5D78 /* Products */;
			projectDirPath = "";
			projectRoot = "";
			targets = (
				57783D8C25455900008C5D78 /* 00857202_3 */,
				57783D9D25455903008C5D78 /* 00857202_3Tests */,
				57783DA825455903008C5D78 /* 00857202_3UITests */,
			);
		};
/* End PBXProject section */

/* Begin PBXResourcesBuildPhase section */
		57783D8B25455900008C5D78 /* Resources */ = {
			isa = PBXResourcesBuildPhase;
			buildActionMask = 2147483647;
			files = (
				57783D9825455903008C5D78 /* Preview Assets.xcassets in Resources */,
				57783D9525455903008C5D78 /* Assets.xcassets in Resources */,
			);
			runOnlyForDeploymentPostprocessing = 0;
		};
		57783D9C25455903008C5D78 /* Resources */ = {
			isa = PBXResourcesBuildPhase;
			buildActionMask = 2147483647;
			files = (
			);
			runOnlyForDeploymentPostprocessing = 0;
		};
		57783DA725455903008C5D78 /* Resources */ = {
			isa = PBXResourcesBuildPhase;
			buildActionMask = 2147483647;
			files = (
			);
			runOnlyForDeploymentPostprocessing = 0;
		};
/* End PBXResourcesBuildPhase section */

/* Begin PBXSourcesBuildPhase section */
		57783D8925455900008C5D78 /* Sources */ = {
			isa = PBXSourcesBuildPhase;
			buildActionMask = 2147483647;
			files = (
				57783DF82545AB96008C5D78 /* struct.swift in Sources */,
				57783DC425456EB9008C5D78 /* pic.swift in Sources */,
				558A5848254ECF8E00970172 /* AppView.swift in Sources */,
				558A583B254E9A6100970172 /* map.swift in Sources */,
				5793B17325484EC100075C00 /* ContentView.swift in Sources */,
				57783DBF25455A2D008C5D78 /* Marvel.swift in Sources */,
				558A5831254E959D00970172 /* test123.swift in Sources */,
				57783DD82545818D008C5D78 /* Thor.swift in Sources */,
				57783DDD25459A3A008C5D78 /* test.swift in Sources */,
				57784E7325484861009AA3F3 /* atuo.swift in Sources */,
				57783DCE25458177008C5D78 /* Iron.swift in Sources */,
				57783D9125455900008C5D78 /* _0857202_3App.swift in Sources */,
				558A582C254E8F5B00970172 /* CharacterPlace.swift in Sources */,
				558A5836254E97B600970172 /* Place.swift in Sources */,
				57783DC9254572B9008C5D78 /* Movie.swift in Sources */,
				558A5827254E8EEB00970172 /* CharacterDetail.swift in Sources */,
				57783DE72545A3C5008C5D78 /* random.swift in Sources */,
				57783DD325458182008C5D78 /* Captain.swift in Sources */,
			);
			runOnlyForDeploymentPostprocessing = 0;
		};
		57783D9A25455903008C5D78 /* Sources */ = {
			isa = PBXSourcesBuildPhase;
			buildActionMask = 2147483647;
			files = (
				57783DA325455903008C5D78 /* _0857202_3Tests.swift in Sources */,
			);
			runOnlyForDeploymentPostprocessing = 0;
		};
		57783DA525455903008C5D78 /* Sources */ = {
			isa = PBXSourcesBuildPhase;
			buildActionMask = 2147483647;
			files = (
				57783DAE25455903008C5D78 /* _0857202_3UITests.swift in Sources */,
			);
			runOnlyForDeploymentPostprocessing = 0;
		};
/* End PBXSourcesBuildPhase section */

/* Begin PBXTargetDependency section */
		57783DA025455903008C5D78 /* PBXTargetDependency */ = {
			isa = PBXTargetDependency;
			target = 57783D8C25455900008C5D78 /* 00857202_3 */;
			targetProxy = 57783D9F25455903008C5D78 /* PBXContainerItemProxy */;
		};
		57783DAB25455903008C5D78 /* PBXTargetDependency */ = {
			isa = PBXTargetDependency;
			target = 57783D8C25455900008C5D78 /* 00857202_3 */;
			targetProxy = 57783DAA25455903008C5D78 /* PBXContainerItemProxy */;
		};
/* End PBXTargetDependency section */

/* Begin XCBuildConfiguration section */
		57783DB025455903008C5D78 /* Debug */ = {
			isa = XCBuildConfiguration;
			buildSettings = {
				ALWAYS_SEARCH_USER_PATHS = NO;
				CLANG_ANALYZER_NONNULL = YES;
				CLANG_ANALYZER_NUMBER_OBJECT_CONVERSION = YES_AGGRESSIVE;
				CLANG_CXX_LANGUAGE_STANDARD = "gnu++14";
				CLANG_CXX_LIBRARY = "libc++";
				CLANG_ENABLE_MODULES = YES;
				CLANG_ENABLE_OBJC_ARC = YES;
				CLANG_ENABLE_OBJC_WEAK = YES;
				CLANG_WARN_BLOCK_CAPTURE_AUTORELEASING = YES;
				CLANG_WARN_BOOL_CONVERSION = YES;
				CLANG_WARN_COMMA = YES;
				CLANG_WARN_CONSTANT_CONVERSION = YES;
				CLANG_WARN_DEPRECATED_OBJC_IMPLEMENTATIONS = YES;
				CLANG_WARN_DIRECT_OBJC_ISA_USAGE = YES_ERROR;
				CLANG_WARN_DOCUMENTATION_COMMENTS = YES;
				CLANG_WARN_EMPTY_BODY = YES;
				CLANG_WARN_ENUM_CONVERSION = YES;
				CLANG_WARN_INFINITE_RECURSION = YES;
				CLANG_WARN_INT_CONVERSION = YES;
				CLANG_WARN_NON_LITERAL_NULL_CONVERSION = YES;
				CLANG_WARN_OBJC_IMPLICIT_RETAIN_SELF = YES;
				CLANG_WARN_OBJC_LITERAL_CONVERSION = YES;
				CLANG_WARN_OBJC_ROOT_CLASS = YES_ERROR;
				CLANG_WARN_QUOTED_INCLUDE_IN_FRAMEWORK_HEADER = YES;
				CLANG_WARN_RANGE_LOOP_ANALYSIS = YES;
				CLANG_WARN_STRICT_PROTOTYPES = YES;
				CLANG_WARN_SUSPICIOUS_MOVE = YES;
				CLANG_WARN_UNGUARDED_AVAILABILITY = YES_AGGRESSIVE;
				CLANG_WARN_UNREACHABLE_CODE = YES;
				CLANG_WARN__DUPLICATE_METHOD_MATCH = YES;
				COPY_PHASE_STRIP = NO;
				DEBUG_INFORMATION_FORMAT = dwarf;
				ENABLE_STRICT_OBJC_MSGSEND = YES;
				ENABLE_TESTABILITY = YES;
				GCC_C_LANGUAGE_STANDARD = gnu11;
				GCC_DYNAMIC_NO_PIC = NO;
				GCC_NO_COMMON_BLOCKS = YES;
				GCC_OPTIMIZATION_LEVEL = 0;
				GCC_PREPROCESSOR_DEFINITIONS = (
					"DEBUG=1",
					"$(inherited)",
				);
				GCC_WARN_64_TO_32_BIT_CONVERSION = YES;
				GCC_WARN_ABOUT_RETURN_TYPE = YES_ERROR;
				GCC_WARN_UNDECLARED_SELECTOR = YES;
				GCC_WARN_UNINITIALIZED_AUTOS = YES_AGGRESSIVE;
				GCC_WARN_UNUSED_FUNCTION = YES;
				GCC_WARN_UNUSED_VARIABLE = YES;
				IPHONEOS_DEPLOYMENT_TARGET = 14.0;
				MTL_ENABLE_DEBUG_INFO = INCLUDE_SOURCE;
				MTL_FAST_MATH = YES;
				ONLY_ACTIVE_ARCH = YES;
				SDKROOT = iphoneos;
				SWIFT_ACTIVE_COMPILATION_CONDITIONS = DEBUG;
				SWIFT_OPTIMIZATION_LEVEL = "-Onone";
			};
			name = Debug;
		};
		57783DB125455903008C5D78 /* Release */ = {
			isa = XCBuildConfiguration;
			buildSettings = {
				ALWAYS_SEARCH_USER_PATHS = NO;
				CLANG_ANALYZER_NONNULL = YES;
				CLANG_ANALYZER_NUMBER_OBJECT_CONVERSION = YES_AGGRESSIVE;
				CLANG_CXX_LANGUAGE_STANDARD = "gnu++14";
				CLANG_CXX_LIBRARY = "libc++";
				CLANG_ENABLE_MODULES = YES;
				CLANG_ENABLE_OBJC_ARC = YES;
				CLANG_ENABLE_OBJC_WEAK = YES;
				CLANG_WARN_BLOCK_CAPTURE_AUTORELEASING = YES;
				CLANG_WARN_BOOL_CONVERSION = YES;
				CLANG_WARN_COMMA = YES;
				CLANG_WARN_CONSTANT_CONVERSION = YES;
				CLANG_WARN_DEPRECATED_OBJC_IMPLEMENTATIONS = YES;
				CLANG_WARN_DIRECT_OBJC_ISA_USAGE = YES_ERROR;
				CLANG_WARN_DOCUMENTATION_COMMENTS = YES;
				CLANG_WARN_EMPTY_BODY = YES;
				CLANG_WARN_ENUM_CONVERSION = YES;
				CLANG_WARN_INFINITE_RECURSION = YES;
				CLANG_WARN_INT_CONVERSION = YES;
				CLANG_WARN_NON_LITERAL_NULL_CONVERSION = YES;
				CLANG_WARN_OBJC_IMPLICIT_RETAIN_SELF = YES;
				CLANG_WARN_OBJC_LITERAL_CONVERSION = YES;
				CLANG_WARN_OBJC_ROOT_CLASS = YES_ERROR;
				CLANG_WARN_QUOTED_INCLUDE_IN_FRAMEWORK_HEADER = YES;
				CLANG_WARN_RANGE_LOOP_ANALYSIS = YES;
				CLANG_WARN_STRICT_PROTOTYPES = YES;
				CLANG_WARN_SUSPICIOUS_MOVE = YES;
				CLANG_WARN_UNGUARDED_AVAILABILITY = YES_AGGRESSIVE;
				CLANG_WARN_UNREACHABLE_CODE = YES;
				CLANG_WARN__DUPLICATE_METHOD_MATCH = YES;
				COPY_PHASE_STRIP = NO;
				DEBUG_INFORMATION_FORMAT = "dwarf-with-dsym";
				ENABLE_NS_ASSERTIONS = NO;
				ENABLE_STRICT_OBJC_MSGSEND = YES;
				GCC_C_LANGUAGE_STANDARD = gnu11;
				GCC_NO_COMMON_BLOCKS = YES;
				GCC_WARN_64_TO_32_BIT_CONVERSION = YES;
				GCC_WARN_ABOUT_RETURN_TYPE = YES_ERROR;
				GCC_WARN_UNDECLARED_SELECTOR = YES;
				GCC_WARN_UNINITIALIZED_AUTOS = YES_AGGRESSIVE;
				GCC_WARN_UNUSED_FUNCTION = YES;
				GCC_WARN_UNUSED_VARIABLE = YES;
				IPHONEOS_DEPLOYMENT_TARGET = 14.0;
				MTL_ENABLE_DEBUG_INFO = NO;
				MTL_FAST_MATH = YES;
				SDKROOT = iphoneos;
				SWIFT_COMPILATION_MODE = wholemodule;
				SWIFT_OPTIMIZATION_LEVEL = "-O";
				VALIDATE_PRODUCT = YES;
			};
			name = Release;
		};
		57783DB325455903008C5D78 /* Debug */ = {
			isa = XCBuildConfiguration;
			buildSettings = {
				ASSETCATALOG_COMPILER_APPICON_NAME = AppIcon;
				ASSETCATALOG_COMPILER_GLOBAL_ACCENT_COLOR_NAME = AccentColor;
				CODE_SIGN_STYLE = Automatic;
				DEVELOPMENT_ASSET_PATHS = "\"00857202_3/Preview Content\"";
				ENABLE_PREVIEWS = YES;
				INFOPLIST_FILE = 00857202_3/Info.plist;
				IPHONEOS_DEPLOYMENT_TARGET = 14.0;
				LD_RUNPATH_SEARCH_PATHS = (
					"$(inherited)",
					"@executable_path/Frameworks",
				);
				PRODUCT_BUNDLE_IDENTIFIER = "-22.-0857202-3";
				PRODUCT_NAME = "$(TARGET_NAME)";
				SWIFT_VERSION = 5.0;
				TARGETED_DEVICE_FAMILY = "1,2";
			};
			name = Debug;
		};
		57783DB425455903008C5D78 /* Release */ = {
			isa = XCBuildConfiguration;
			buildSettings = {
				ASSETCATALOG_COMPILER_APPICON_NAME = AppIcon;
				ASSETCATALOG_COMPILER_GLOBAL_ACCENT_COLOR_NAME = AccentColor;
				CODE_SIGN_STYLE = Automatic;
				DEVELOPMENT_ASSET_PATHS = "\"00857202_3/Preview Content\"";
				ENABLE_PREVIEWS = YES;
				INFOPLIST_FILE = 00857202_3/Info.plist;
				IPHONEOS_DEPLOYMENT_TARGET = 14.0;
				LD_RUNPATH_SEARCH_PATHS = (
					"$(inherited)",
					"@executable_path/Frameworks",
				);
				PRODUCT_BUNDLE_IDENTIFIER = "-22.-0857202-3";
				PRODUCT_NAME = "$(TARGET_NAME)";
				SWIFT_VERSION = 5.0;
				TARGETED_DEVICE_FAMILY = "1,2";
			};
			name = Release;
		};
		57783DB625455903008C5D78 /* Debug */ = {
			isa = XCBuildConfiguration;
			buildSettings = {
				ALWAYS_EMBED_SWIFT_STANDARD_LIBRARIES = YES;
				BUNDLE_LOADER = "$(TEST_HOST)";
				CODE_SIGN_STYLE = Automatic;
				INFOPLIST_FILE = 00857202_3Tests/Info.plist;
				IPHONEOS_DEPLOYMENT_TARGET = 14.0;
				LD_RUNPATH_SEARCH_PATHS = (
					"$(inherited)",
					"@executable_path/Frameworks",
					"@loader_path/Frameworks",
				);
				PRODUCT_BUNDLE_IDENTIFIER = "-22.-0857202-3Tests";
				PRODUCT_NAME = "$(TARGET_NAME)";
				SWIFT_VERSION = 5.0;
				TARGETED_DEVICE_FAMILY = "1,2";
				TEST_HOST = "$(BUILT_PRODUCTS_DIR)/00857202_3.app/00857202_3";
			};
			name = Debug;
		};
		57783DB725455903008C5D78 /* Release */ = {
			isa = XCBuildConfiguration;
			buildSettings = {
				ALWAYS_EMBED_SWIFT_STANDARD_LIBRARIES = YES;
				BUNDLE_LOADER = "$(TEST_HOST)";
				CODE_SIGN_STYLE = Automatic;
				INFOPLIST_FILE = 00857202_3Tests/Info.plist;
				IPHONEOS_DEPLOYMENT_TARGET = 14.0;
				LD_RUNPATH_SEARCH_PATHS = (
					"$(inherited)",
					"@executable_path/Frameworks",
					"@loader_path/Frameworks",
				);
				PRODUCT_BUNDLE_IDENTIFIER = "-22.-0857202-3Tests";
				PRODUCT_NAME = "$(TARGET_NAME)";
				SWIFT_VERSION = 5.0;
				TARGETED_DEVICE_FAMILY = "1,2";
				TEST_HOST = "$(BUILT_PRODUCTS_DIR)/00857202_3.app/00857202_3";
			};
			name = Release;
		};
		57783DB925455903008C5D78 /* Debug */ = {
			isa = XCBuildConfiguration;
			buildSettings = {
				ALWAYS_EMBED_SWIFT_STANDARD_LIBRARIES = YES;
				CODE_SIGN_STYLE = Automatic;
				INFOPLIST_FILE = 00857202_3UITests/Info.plist;
				LD_RUNPATH_SEARCH_PATHS = (
					"$(inherited)",
					"@executable_path/Frameworks",
					"@loader_path/Frameworks",
				);
				PRODUCT_BUNDLE_IDENTIFIER = "-22.-0857202-3UITests";
				PRODUCT_NAME = "$(TARGET_NAME)";
				SWIFT_VERSION = 5.0;
				TARGETED_DEVICE_FAMILY = "1,2";
				TEST_TARGET_NAME = 00857202_3;
			};
			name = Debug;
		};
		57783DBA25455903008C5D78 /* Release */ = {
			isa = XCBuildConfiguration;
			buildSettings = {
				ALWAYS_EMBED_SWIFT_STANDARD_LIBRARIES = YES;
				CODE_SIGN_STYLE = Automatic;
				INFOPLIST_FILE = 00857202_3UITests/Info.plist;
				LD_RUNPATH_SEARCH_PATHS = (
					"$(inherited)",
					"@executable_path/Frameworks",
					"@loader_path/Frameworks",
				);
				PRODUCT_BUNDLE_IDENTIFIER = "-22.-0857202-3UITests";
				PRODUCT_NAME = "$(TARGET_NAME)";
				SWIFT_VERSION = 5.0;
				TARGETED_DEVICE_FAMILY = "1,2";
				TEST_TARGET_NAME = 00857202_3;
			};
			name = Release;
		};
/* End XCBuildConfiguration section */

/* Begin XCConfigurationList section */
		57783D8825455900008C5D78 /* Build configuration list for PBXProject "00857202_3" */ = {
			isa = XCConfigurationList;
			buildConfigurations = (
				57783DB025455903008C5D78 /* Debug */,
				57783DB125455903008C5D78 /* Release */,
			);
			defaultConfigurationIsVisible = 0;
			defaultConfigurationName = Release;
		};
		57783DB225455903008C5D78 /* Build configuration list for PBXNativeTarget "00857202_3" */ = {
			isa = XCConfigurationList;
			buildConfigurations = (
				57783DB325455903008C5D78 /* Debug */,
				57783DB425455903008C5D78 /* Release */,
			);
			defaultConfigurationIsVisible = 0;
			defaultConfigurationName = Release;
		};
		57783DB525455903008C5D78 /* Build configuration list for PBXNativeTarget "00857202_3Tests" */ = {
			isa = XCConfigurationList;
			buildConfigurations = (
				57783DB625455903008C5D78 /* Debug */,
				57783DB725455903008C5D78 /* Release */,
			);
			defaultConfigurationIsVisible = 0;
			defaultConfigurationName = Release;
		};
		57783DB825455903008C5D78 /* Build configuration list for PBXNativeTarget "00857202_3UITests" */ = {
			isa = XCConfigurationList;
			buildConfigurations = (
				57783DB925455903008C5D78 /* Debug */,
				57783DBA25455903008C5D78 /* Release */,
			);
			defaultConfigurationIsVisible = 0;
			defaultConfigurationName = Release;
		};
/* End XCConfigurationList section */
	};
	rootObject = 57783D8525455900008C5D78 /* Project object */;
}
